
Microsoft Visual Studio Solution File, Format Version 12.00
# Visual Studio Version 17
VisualStudioVersion = 17.14.36518.9 d17.14
MinimumVisualStudioVersion = 10.0.40219.1
Project("{8BC9CEB8-8B4A-11D0-8D11-00A0C91BC942}") = "3enraya", "3enraya\3enraya.vcxproj", "{56D18800-9FC9-44AC-BEBF-01E8FC9FD1A2}"
EndProject
Global
	GlobalSection(SolutionConfigurationPlatforms) = preSolution
		Debug|x64 = Debug|x64
		Debug|x86 = Debug|x86
		Release|x64 = Release|x64
		Release|x86 = Release|x86
	EndGlobalSection
	GlobalSection(ProjectConfigurationPlatforms) = postSolution
		{56D18800-9FC9-44AC-BEBF-01E8FC9FD1A2}.Debug|x64.ActiveCfg = Debug|x64
		{56D18800-9FC9-44AC-BEBF-01E8FC9FD1A2}.Debug|x64.Build.0 = Debug|x64
		{56D18800-9FC9-44AC-BEBF-01E8FC9FD1A2}.Debug|x86.ActiveCfg = Debug|Win32
		{56D18800-9FC9-44AC-BEBF-01E8FC9FD1A2}.Debug|x86.Build.0 = Debug|Win32
		{56D18800-9FC9-44AC-BEBF-01E8FC9FD1A2}.Release|x64.ActiveCfg = Release|x64
		{56D18800-9FC9-44AC-BEBF-01E8FC9FD1A2}.Release|x64.Build.0 = Release|x64
		{56D18800-9FC9-44AC-BEBF-01E8FC9FD1A2}.Release|x86.ActiveCfg = Release|Win32
		{56D18800-9FC9-44AC-BEBF-01E8FC9FD1A2}.Release|x86.Build.0 = Release|Win32
	EndGlobalSection
	GlobalSection(SolutionProperties) = preSolution
		HideSolutionNode = FALSE
	EndGlobalSection
	GlobalSection(ExtensibilityGlobals) = postSolution
		SolutionGuid = {87F286E8-A9A2-4C91-8FEA-913402C10394}
	EndGlobalSection
EndGlobal
