
Microsoft Visual Studio Solution File, Format Version 12.00
# Visual Studio Version 17
VisualStudioVersion = 17.14.36511.14 d17.14
MinimumVisualStudioVersion = 10.0.40219.1
Project("{8BC9CEB8-8B4A-11D0-8D11-00A0C91BC942}") = "Ejercicio10 29-09-2025", "Ejercicio10 29-09-2025\Ejercicio10 29-09-2025.vcxproj", "{712C3C0B-95B2-4AF6-B0E7-95112BCDFDB0}"
EndProject
Global
	GlobalSection(SolutionConfigurationPlatforms) = preSolution
		Debug|x64 = Debug|x64
		Debug|x86 = Debug|x86
		Release|x64 = Release|x64
		Release|x86 = Release|x86
	EndGlobalSection
	GlobalSection(ProjectConfigurationPlatforms) = postSolution
		{712C3C0B-95B2-4AF6-B0E7-95112BCDFDB0}.Debug|x64.ActiveCfg = Debug|x64
		{712C3C0B-95B2-4AF6-B0E7-95112BCDFDB0}.Debug|x64.Build.0 = Debug|x64
		{712C3C0B-95B2-4AF6-B0E7-95112BCDFDB0}.Debug|x86.ActiveCfg = Debug|Win32
		{712C3C0B-95B2-4AF6-B0E7-95112BCDFDB0}.Debug|x86.Build.0 = Debug|Win32
		{712C3C0B-95B2-4AF6-B0E7-95112BCDFDB0}.Release|x64.ActiveCfg = Release|x64
		{712C3C0B-95B2-4AF6-B0E7-95112BCDFDB0}.Release|x64.Build.0 = Release|x64
		{712C3C0B-95B2-4AF6-B0E7-95112BCDFDB0}.Release|x86.ActiveCfg = Release|Win32
		{712C3C0B-95B2-4AF6-B0E7-95112BCDFDB0}.Release|x86.Build.0 = Release|Win32
	EndGlobalSection
	GlobalSection(SolutionProperties) = preSolution
		HideSolutionNode = FALSE
	EndGlobalSection
	GlobalSection(ExtensibilityGlobals) = postSolution
		SolutionGuid = {B76C3E76-5AD8-40E1-AD16-9FF802B48F68}
	EndGlobalSection
EndGlobal
